
Microsoft Visual Studio Solution File, Format Version 12.00
# Visual Studio Version 17
VisualStudioVersion = 17.3.32929.385
MinimumVisualStudioVersion = 10.0.40219.1
Project("{8BC9CEB8-8B4A-11D0-8D11-00A0C91BC942}") = "Q2", "Q2\Q2.vcxproj", "{C575910F-75D3-4509-8886-553FF66A489E}"
EndProject
Project("{8BC9CEB8-8B4A-11D0-8D11-00A0C91BC942}") = "tic-tak-toe", "tic-tak-toe\tic-tak-toe.vcxproj", "{901F906E-0601-4397-BF8F-85F4D0C029AC}"
EndProject
Project("{8BC9CEB8-8B4A-11D0-8D11-00A0C91BC942}") = "지뢰찾기", "지뢰찾기\지뢰찾기.vcxproj", "{E50BFC8A-8806-456C-B8B2-FBCF71CB4973}"
EndProject
Project("{8BC9CEB8-8B4A-11D0-8D11-00A0C91BC942}") = "Q2_processor", "Q2_processor\Q2_processor.vcxproj", "{E03E82AC-5DAA-4A69-B8A9-6A738D8ED96D}"
EndProject
Project("{8BC9CEB8-8B4A-11D0-8D11-00A0C91BC942}") = "Q3", "Q3\Q3.vcxproj", "{D3A330BF-38E5-4793-827D-49481AD2DB08}"
EndProject
Project("{8BC9CEB8-8B4A-11D0-8D11-00A0C91BC942}") = "Q3_professor", "Q3_professor\Q3_professor.vcxproj", "{1194B28B-4BBD-4082-AFCD-4DC2EDF39688}"
EndProject
Project("{8BC9CEB8-8B4A-11D0-8D11-00A0C91BC942}") = "Q1_professor", "Q1_professor\Q1_professor.vcxproj", "{ED732D0E-B3F2-427F-801E-9E48F5B8FCB2}"
EndProject
Project("{8BC9CEB8-8B4A-11D0-8D11-00A0C91BC942}") = "LAB조합출력", "LAB조합출력\LAB조합출력.vcxproj", "{135A0C65-BEC3-447B-ABEE-9E5150D5562E}"
EndProject
Project("{8BC9CEB8-8B4A-11D0-8D11-00A0C91BC942}") = "지뢰뭐가문제", "지뢰뭐가문제\지뢰뭐가문제.vcxproj", "{E22EF11F-5A37-426D-BE93-66CA6D4DC3F7}"
EndProject
Project("{8BC9CEB8-8B4A-11D0-8D11-00A0C91BC942}") = "Q1", "Q1\Q1.vcxproj", "{69B4CC0D-7D70-42B3-AA86-40E2A1520D31}"
EndProject
Project("{8BC9CEB8-8B4A-11D0-8D11-00A0C91BC942}") = "LAB조합출력professor", "LAB조합출력professor\LAB조합출력professor.vcxproj", "{CA200786-A5D4-49A9-B492-46E5066FAB2F}"
EndProject
Project("{8BC9CEB8-8B4A-11D0-8D11-00A0C91BC942}") = "money", "money\money.vcxproj", "{8C3C3DBA-AFF5-43B8-A2AB-3ACAB59BD26D}"
EndProject
Project("{8BC9CEB8-8B4A-11D0-8D11-00A0C91BC942}") = "q2re", "q2re\q2re.vcxproj", "{9F037BE1-29DB-4159-A2B3-51F8432BE324}"
EndProject
Project("{8BC9CEB8-8B4A-11D0-8D11-00A0C91BC942}") = "사이클숫자-반복", "사이클숫자-반복\사이클숫자-반복.vcxproj", "{096400C6-B257-4C2E-9973-7D7BCAEEA8DE}"
EndProject
Project("{8BC9CEB8-8B4A-11D0-8D11-00A0C91BC942}") = "사이클 숫자 - 순환", "사이클 숫자 - 순환\사이클 숫자 - 순환.vcxproj", "{2676BDB8-5C7C-4BD6-AFB2-B9D94061130E}"
EndProject
Project("{8BC9CEB8-8B4A-11D0-8D11-00A0C91BC942}") = "함수의 값 출력", "함수의 값 출력\함수의 값 출력.vcxproj", "{915BC7A0-9307-4218-B807-6C5AA6F0B630}"
EndProject
Project("{8BC9CEB8-8B4A-11D0-8D11-00A0C91BC942}") = "함수의 값", "함수의 값\함수의 값.vcxproj", "{74B0EC0D-6972-4C9D-B30F-85E554E8E14C}"
EndProject
Project("{8BC9CEB8-8B4A-11D0-8D11-00A0C91BC942}") = "Q2_final", "Q2_final\Q2_final.vcxproj", "{2AEC751C-1112-43C0-9185-D9B7116943DC}"
EndProject
Global
	GlobalSection(SolutionConfigurationPlatforms) = preSolution
		Debug|x64 = Debug|x64
		Debug|x86 = Debug|x86
		Release|x64 = Release|x64
		Release|x86 = Release|x86
	EndGlobalSection
	GlobalSection(ProjectConfigurationPlatforms) = postSolution
		{C575910F-75D3-4509-8886-553FF66A489E}.Debug|x64.ActiveCfg = Debug|x64
		{C575910F-75D3-4509-8886-553FF66A489E}.Debug|x64.Build.0 = Debug|x64
		{C575910F-75D3-4509-8886-553FF66A489E}.Debug|x86.ActiveCfg = Debug|Win32
		{C575910F-75D3-4509-8886-553FF66A489E}.Debug|x86.Build.0 = Debug|Win32
		{C575910F-75D3-4509-8886-553FF66A489E}.Release|x64.ActiveCfg = Release|x64
		{C575910F-75D3-4509-8886-553FF66A489E}.Release|x64.Build.0 = Release|x64
		{C575910F-75D3-4509-8886-553FF66A489E}.Release|x86.ActiveCfg = Release|Win32
		{C575910F-75D3-4509-8886-553FF66A489E}.Release|x86.Build.0 = Release|Win32
		{901F906E-0601-4397-BF8F-85F4D0C029AC}.Debug|x64.ActiveCfg = Debug|x64
		{901F906E-0601-4397-BF8F-85F4D0C029AC}.Debug|x64.Build.0 = Debug|x64
		{901F906E-0601-4397-BF8F-85F4D0C029AC}.Debug|x86.ActiveCfg = Debug|Win32
		{901F906E-0601-4397-BF8F-85F4D0C029AC}.Debug|x86.Build.0 = Debug|Win32
		{901F906E-0601-4397-BF8F-85F4D0C029AC}.Release|x64.ActiveCfg = Release|x64
		{901F906E-0601-4397-BF8F-85F4D0C029AC}.Release|x64.Build.0 = Release|x64
		{901F906E-0601-4397-BF8F-85F4D0C029AC}.Release|x86.ActiveCfg = Release|Win32
		{901F906E-0601-4397-BF8F-85F4D0C029AC}.Release|x86.Build.0 = Release|Win32
		{E50BFC8A-8806-456C-B8B2-FBCF71CB4973}.Debug|x64.ActiveCfg = Debug|x64
		{E50BFC8A-8806-456C-B8B2-FBCF71CB4973}.Debug|x64.Build.0 = Debug|x64
		{E50BFC8A-8806-456C-B8B2-FBCF71CB4973}.Debug|x86.ActiveCfg = Debug|Win32
		{E50BFC8A-8806-456C-B8B2-FBCF71CB4973}.Debug|x86.Build.0 = Debug|Win32
		{E50BFC8A-8806-456C-B8B2-FBCF71CB4973}.Release|x64.ActiveCfg = Release|x64
		{E50BFC8A-8806-456C-B8B2-FBCF71CB4973}.Release|x64.Build.0 = Release|x64
		{E50BFC8A-8806-456C-B8B2-FBCF71CB4973}.Release|x86.ActiveCfg = Release|Win32
		{E50BFC8A-8806-456C-B8B2-FBCF71CB4973}.Release|x86.Build.0 = Release|Win32
		{E03E82AC-5DAA-4A69-B8A9-6A738D8ED96D}.Debug|x64.ActiveCfg = Debug|x64
		{E03E82AC-5DAA-4A69-B8A9-6A738D8ED96D}.Debug|x64.Build.0 = Debug|x64
		{E03E82AC-5DAA-4A69-B8A9-6A738D8ED96D}.Debug|x86.ActiveCfg = Debug|Win32
		{E03E82AC-5DAA-4A69-B8A9-6A738D8ED96D}.Debug|x86.Build.0 = Debug|Win32
		{E03E82AC-5DAA-4A69-B8A9-6A738D8ED96D}.Release|x64.ActiveCfg = Release|x64
		{E03E82AC-5DAA-4A69-B8A9-6A738D8ED96D}.Release|x64.Build.0 = Release|x64
		{E03E82AC-5DAA-4A69-B8A9-6A738D8ED96D}.Release|x86.ActiveCfg = Release|Win32
		{E03E82AC-5DAA-4A69-B8A9-6A738D8ED96D}.Release|x86.Build.0 = Release|Win32
		{D3A330BF-38E5-4793-827D-49481AD2DB08}.Debug|x64.ActiveCfg = Debug|x64
		{D3A330BF-38E5-4793-827D-49481AD2DB08}.Debug|x64.Build.0 = Debug|x64
		{D3A330BF-38E5-4793-827D-49481AD2DB08}.Debug|x86.ActiveCfg = Debug|Win32
		{D3A330BF-38E5-4793-827D-49481AD2DB08}.Debug|x86.Build.0 = Debug|Win32
		{D3A330BF-38E5-4793-827D-49481AD2DB08}.Release|x64.ActiveCfg = Release|x64
		{D3A330BF-38E5-4793-827D-49481AD2DB08}.Release|x64.Build.0 = Release|x64
		{D3A330BF-38E5-4793-827D-49481AD2DB08}.Release|x86.ActiveCfg = Release|Win32
		{D3A330BF-38E5-4793-827D-49481AD2DB08}.Release|x86.Build.0 = Release|Win32
		{1194B28B-4BBD-4082-AFCD-4DC2EDF39688}.Debug|x64.ActiveCfg = Debug|x64
		{1194B28B-4BBD-4082-AFCD-4DC2EDF39688}.Debug|x64.Build.0 = Debug|x64
		{1194B28B-4BBD-4082-AFCD-4DC2EDF39688}.Debug|x86.ActiveCfg = Debug|Win32
		{1194B28B-4BBD-4082-AFCD-4DC2EDF39688}.Debug|x86.Build.0 = Debug|Win32
		{1194B28B-4BBD-4082-AFCD-4DC2EDF39688}.Release|x64.ActiveCfg = Release|x64
		{1194B28B-4BBD-4082-AFCD-4DC2EDF39688}.Release|x64.Build.0 = Release|x64
		{1194B28B-4BBD-4082-AFCD-4DC2EDF39688}.Release|x86.ActiveCfg = Release|Win32
		{1194B28B-4BBD-4082-AFCD-4DC2EDF39688}.Release|x86.Build.0 = Release|Win32
		{ED732D0E-B3F2-427F-801E-9E48F5B8FCB2}.Debug|x64.ActiveCfg = Debug|x64
		{ED732D0E-B3F2-427F-801E-9E48F5B8FCB2}.Debug|x64.Build.0 = Debug|x64
		{ED732D0E-B3F2-427F-801E-9E48F5B8FCB2}.Debug|x86.ActiveCfg = Debug|Win32
		{ED732D0E-B3F2-427F-801E-9E48F5B8FCB2}.Debug|x86.Build.0 = Debug|Win32
		{ED732D0E-B3F2-427F-801E-9E48F5B8FCB2}.Release|x64.ActiveCfg = Release|x64
		{ED732D0E-B3F2-427F-801E-9E48F5B8FCB2}.Release|x64.Build.0 = Release|x64
		{ED732D0E-B3F2-427F-801E-9E48F5B8FCB2}.Release|x86.ActiveCfg = Release|Win32
		{ED732D0E-B3F2-427F-801E-9E48F5B8FCB2}.Release|x86.Build.0 = Release|Win32
		{135A0C65-BEC3-447B-ABEE-9E5150D5562E}.Debug|x64.ActiveCfg = Debug|x64
		{135A0C65-BEC3-447B-ABEE-9E5150D5562E}.Debug|x64.Build.0 = Debug|x64
		{135A0C65-BEC3-447B-ABEE-9E5150D5562E}.Debug|x86.ActiveCfg = Debug|Win32
		{135A0C65-BEC3-447B-ABEE-9E5150D5562E}.Debug|x86.Build.0 = Debug|Win32
		{135A0C65-BEC3-447B-ABEE-9E5150D5562E}.Release|x64.ActiveCfg = Release|x64
		{135A0C65-BEC3-447B-ABEE-9E5150D5562E}.Release|x64.Build.0 = Release|x64
		{135A0C65-BEC3-447B-ABEE-9E5150D5562E}.Release|x86.ActiveCfg = Release|Win32
		{135A0C65-BEC3-447B-ABEE-9E5150D5562E}.Release|x86.Build.0 = Release|Win32
		{E22EF11F-5A37-426D-BE93-66CA6D4DC3F7}.Debug|x64.ActiveCfg = Debug|x64
		{E22EF11F-5A37-426D-BE93-66CA6D4DC3F7}.Debug|x64.Build.0 = Debug|x64
		{E22EF11F-5A37-426D-BE93-66CA6D4DC3F7}.Debug|x86.ActiveCfg = Debug|Win32
		{E22EF11F-5A37-426D-BE93-66CA6D4DC3F7}.Debug|x86.Build.0 = Debug|Win32
		{E22EF11F-5A37-426D-BE93-66CA6D4DC3F7}.Release|x64.ActiveCfg = Release|x64
		{E22EF11F-5A37-426D-BE93-66CA6D4DC3F7}.Release|x64.Build.0 = Release|x64
		{E22EF11F-5A37-426D-BE93-66CA6D4DC3F7}.Release|x86.ActiveCfg = Release|Win32
		{E22EF11F-5A37-426D-BE93-66CA6D4DC3F7}.Release|x86.Build.0 = Release|Win32
		{69B4CC0D-7D70-42B3-AA86-40E2A1520D31}.Debug|x64.ActiveCfg = Debug|x64
		{69B4CC0D-7D70-42B3-AA86-40E2A1520D31}.Debug|x64.Build.0 = Debug|x64
		{69B4CC0D-7D70-42B3-AA86-40E2A1520D31}.Debug|x86.ActiveCfg = Debug|Win32
		{69B4CC0D-7D70-42B3-AA86-40E2A1520D31}.Debug|x86.Build.0 = Debug|Win32
		{69B4CC0D-7D70-42B3-AA86-40E2A1520D31}.Release|x64.ActiveCfg = Release|x64
		{69B4CC0D-7D70-42B3-AA86-40E2A1520D31}.Release|x64.Build.0 = Release|x64
		{69B4CC0D-7D70-42B3-AA86-40E2A1520D31}.Release|x86.ActiveCfg = Release|Win32
		{69B4CC0D-7D70-42B3-AA86-40E2A1520D31}.Release|x86.Build.0 = Release|Win32
		{CA200786-A5D4-49A9-B492-46E5066FAB2F}.Debug|x64.ActiveCfg = Debug|x64
		{CA200786-A5D4-49A9-B492-46E5066FAB2F}.Debug|x64.Build.0 = Debug|x64
		{CA200786-A5D4-49A9-B492-46E5066FAB2F}.Debug|x86.ActiveCfg = Debug|Win32
		{CA200786-A5D4-49A9-B492-46E5066FAB2F}.Debug|x86.Build.0 = Debug|Win32
		{CA200786-A5D4-49A9-B492-46E5066FAB2F}.Release|x64.ActiveCfg = Release|x64
		{CA200786-A5D4-49A9-B492-46E5066FAB2F}.Release|x64.Build.0 = Release|x64
		{CA200786-A5D4-49A9-B492-46E5066FAB2F}.Release|x86.ActiveCfg = Release|Win32
		{CA200786-A5D4-49A9-B492-46E5066FAB2F}.Release|x86.Build.0 = Release|Win32
		{8C3C3DBA-AFF5-43B8-A2AB-3ACAB59BD26D}.Debug|x64.ActiveCfg = Debug|x64
		{8C3C3DBA-AFF5-43B8-A2AB-3ACAB59BD26D}.Debug|x64.Build.0 = Debug|x64
		{8C3C3DBA-AFF5-43B8-A2AB-3ACAB59BD26D}.Debug|x86.ActiveCfg = Debug|Win32
		{8C3C3DBA-AFF5-43B8-A2AB-3ACAB59BD26D}.Debug|x86.Build.0 = Debug|Win32
		{8C3C3DBA-AFF5-43B8-A2AB-3ACAB59BD26D}.Release|x64.ActiveCfg = Release|x64
		{8C3C3DBA-AFF5-43B8-A2AB-3ACAB59BD26D}.Release|x64.Build.0 = Release|x64
		{8C3C3DBA-AFF5-43B8-A2AB-3ACAB59BD26D}.Release|x86.ActiveCfg = Release|Win32
		{8C3C3DBA-AFF5-43B8-A2AB-3ACAB59BD26D}.Release|x86.Build.0 = Release|Win32
		{9F037BE1-29DB-4159-A2B3-51F8432BE324}.Debug|x64.ActiveCfg = Debug|x64
		{9F037BE1-29DB-4159-A2B3-51F8432BE324}.Debug|x64.Build.0 = Debug|x64
		{9F037BE1-29DB-4159-A2B3-51F8432BE324}.Debug|x86.ActiveCfg = Debug|Win32
		{9F037BE1-29DB-4159-A2B3-51F8432BE324}.Debug|x86.Build.0 = Debug|Win32
		{9F037BE1-29DB-4159-A2B3-51F8432BE324}.Release|x64.ActiveCfg = Release|x64
		{9F037BE1-29DB-4159-A2B3-51F8432BE324}.Release|x64.Build.0 = Release|x64
		{9F037BE1-29DB-4159-A2B3-51F8432BE324}.Release|x86.ActiveCfg = Release|Win32
		{9F037BE1-29DB-4159-A2B3-51F8432BE324}.Release|x86.Build.0 = Release|Win32
		{096400C6-B257-4C2E-9973-7D7BCAEEA8DE}.Debug|x64.ActiveCfg = Debug|x64
		{096400C6-B257-4C2E-9973-7D7BCAEEA8DE}.Debug|x64.Build.0 = Debug|x64
		{096400C6-B257-4C2E-9973-7D7BCAEEA8DE}.Debug|x86.ActiveCfg = Debug|Win32
		{096400C6-B257-4C2E-9973-7D7BCAEEA8DE}.Debug|x86.Build.0 = Debug|Win32
		{096400C6-B257-4C2E-9973-7D7BCAEEA8DE}.Release|x64.ActiveCfg = Release|x64
		{096400C6-B257-4C2E-9973-7D7BCAEEA8DE}.Release|x64.Build.0 = Release|x64
		{096400C6-B257-4C2E-9973-7D7BCAEEA8DE}.Release|x86.ActiveCfg = Release|Win32
		{096400C6-B257-4C2E-9973-7D7BCAEEA8DE}.Release|x86.Build.0 = Release|Win32
		{2676BDB8-5C7C-4BD6-AFB2-B9D94061130E}.Debug|x64.ActiveCfg = Debug|x64
		{2676BDB8-5C7C-4BD6-AFB2-B9D94061130E}.Debug|x64.Build.0 = Debug|x64
		{2676BDB8-5C7C-4BD6-AFB2-B9D94061130E}.Debug|x86.ActiveCfg = Debug|Win32
		{2676BDB8-5C7C-4BD6-AFB2-B9D94061130E}.Debug|x86.Build.0 = Debug|Win32
		{2676BDB8-5C7C-4BD6-AFB2-B9D94061130E}.Release|x64.ActiveCfg = Release|x64
		{2676BDB8-5C7C-4BD6-AFB2-B9D94061130E}.Release|x64.Build.0 = Release|x64
		{2676BDB8-5C7C-4BD6-AFB2-B9D94061130E}.Release|x86.ActiveCfg = Release|Win32
		{2676BDB8-5C7C-4BD6-AFB2-B9D94061130E}.Release|x86.Build.0 = Release|Win32
		{915BC7A0-9307-4218-B807-6C5AA6F0B630}.Debug|x64.ActiveCfg = Debug|x64
		{915BC7A0-9307-4218-B807-6C5AA6F0B630}.Debug|x64.Build.0 = Debug|x64
		{915BC7A0-9307-4218-B807-6C5AA6F0B630}.Debug|x86.ActiveCfg = Debug|Win32
		{915BC7A0-9307-4218-B807-6C5AA6F0B630}.Debug|x86.Build.0 = Debug|Win32
		{915BC7A0-9307-4218-B807-6C5AA6F0B630}.Release|x64.ActiveCfg = Release|x64
		{915BC7A0-9307-4218-B807-6C5AA6F0B630}.Release|x64.Build.0 = Release|x64
		{915BC7A0-9307-4218-B807-6C5AA6F0B630}.Release|x86.ActiveCfg = Release|Win32
		{915BC7A0-9307-4218-B807-6C5AA6F0B630}.Release|x86.Build.0 = Release|Win32
		{74B0EC0D-6972-4C9D-B30F-85E554E8E14C}.Debug|x64.ActiveCfg = Debug|x64
		{74B0EC0D-6972-4C9D-B30F-85E554E8E14C}.Debug|x64.Build.0 = Debug|x64
		{74B0EC0D-6972-4C9D-B30F-85E554E8E14C}.Debug|x86.ActiveCfg = Debug|Win32
		{74B0EC0D-6972-4C9D-B30F-85E554E8E14C}.Debug|x86.Build.0 = Debug|Win32
		{74B0EC0D-6972-4C9D-B30F-85E554E8E14C}.Release|x64.ActiveCfg = Release|x64
		{74B0EC0D-6972-4C9D-B30F-85E554E8E14C}.Release|x64.Build.0 = Release|x64
		{74B0EC0D-6972-4C9D-B30F-85E554E8E14C}.Release|x86.ActiveCfg = Release|Win32
		{74B0EC0D-6972-4C9D-B30F-85E554E8E14C}.Release|x86.Build.0 = Release|Win32
		{2AEC751C-1112-43C0-9185-D9B7116943DC}.Debug|x64.ActiveCfg = Debug|x64
		{2AEC751C-1112-43C0-9185-D9B7116943DC}.Debug|x64.Build.0 = Debug|x64
		{2AEC751C-1112-43C0-9185-D9B7116943DC}.Debug|x86.ActiveCfg = Debug|Win32
		{2AEC751C-1112-43C0-9185-D9B7116943DC}.Debug|x86.Build.0 = Debug|Win32
		{2AEC751C-1112-43C0-9185-D9B7116943DC}.Release|x64.ActiveCfg = Release|x64
		{2AEC751C-1112-43C0-9185-D9B7116943DC}.Release|x64.Build.0 = Release|x64
		{2AEC751C-1112-43C0-9185-D9B7116943DC}.Release|x86.ActiveCfg = Release|Win32
		{2AEC751C-1112-43C0-9185-D9B7116943DC}.Release|x86.Build.0 = Release|Win32
	EndGlobalSection
	GlobalSection(SolutionProperties) = preSolution
		HideSolutionNode = FALSE
	EndGlobalSection
	GlobalSection(ExtensibilityGlobals) = postSolution
		SolutionGuid = {8EA843A0-0110-444C-9616-DAE15F4982B8}
	EndGlobalSection
EndGlobal
